
Microsoft Visual Studio Solution File, Format Version 12.00
# Visual Studio Version 17
VisualStudioVersion = 17.8.34511.84
MinimumVisualStudioVersion = 10.0.40219.1
Project("{FAE04EC0-301F-11D3-BF4B-00C04F79EFBC}") = "Exo01", "Exo01\Exo01.csproj", "{1FAB4E3F-1698-41E8-B725-03938CFD0D95}"
EndProject
Project("{FAE04EC0-301F-11D3-BF4B-00C04F79EFBC}") = "Exo04", "Exo04\Exo04.csproj", "{AE972D5B-7C70-4CE6-875F-39F3889434D1}"
EndProject
Global
	GlobalSection(SolutionConfigurationPlatforms) = preSolution
		Debug|Any CPU = Debug|Any CPU
		Release|Any CPU = Release|Any CPU
	EndGlobalSection
	GlobalSection(ProjectConfigurationPlatforms) = postSolution
		{1FAB4E3F-1698-41E8-B725-03938CFD0D95}.Debug|Any CPU.ActiveCfg = Debug|Any CPU
		{1FAB4E3F-1698-41E8-B725-03938CFD0D95}.Debug|Any CPU.Build.0 = Debug|Any CPU
		{1FAB4E3F-1698-41E8-B725-03938CFD0D95}.Release|Any CPU.ActiveCfg = Release|Any CPU
		{1FAB4E3F-1698-41E8-B725-03938CFD0D95}.Release|Any CPU.Build.0 = Release|Any CPU
		{AE972D5B-7C70-4CE6-875F-39F3889434D1}.Debug|Any CPU.ActiveCfg = Debug|Any CPU
		{AE972D5B-7C70-4CE6-875F-39F3889434D1}.Debug|Any CPU.Build.0 = Debug|Any CPU
		{AE972D5B-7C70-4CE6-875F-39F3889434D1}.Release|Any CPU.ActiveCfg = Release|Any CPU
		{AE972D5B-7C70-4CE6-875F-39F3889434D1}.Release|Any CPU.Build.0 = Release|Any CPU
	EndGlobalSection
	GlobalSection(SolutionProperties) = preSolution
		HideSolutionNode = FALSE
	EndGlobalSection
	GlobalSection(ExtensibilityGlobals) = postSolution
		SolutionGuid = {188535B7-A48D-4188-9F63-C321C540B6BD}
	EndGlobalSection
EndGlobal
