
Microsoft Visual Studio Solution File, Format Version 12.00
# Visual Studio Version 17
VisualStudioVersion = 17.8.34330.188
MinimumVisualStudioVersion = 10.0.40219.1
Project("{9A19103F-16F7-4668-BE54-9A1E7A4F7556}") = "ExoPersonnage", "ExoPersonnage\ExoPersonnage.csproj", "{0005AD11-BB13-4287-90DA-81CF1D93801E}"
EndProject
Project("{FAE04EC0-301F-11D3-BF4B-00C04F79EFBC}") = "ExoHotelAgain", "ExoHotelAgain\ExoHotelAgain.csproj", "{0CD2A76A-1E36-4C4E-90B3-7359A8CFB9DB}"
EndProject
Global
	GlobalSection(SolutionConfigurationPlatforms) = preSolution
		Debug|Any CPU = Debug|Any CPU
		Release|Any CPU = Release|Any CPU
	EndGlobalSection
	GlobalSection(ProjectConfigurationPlatforms) = postSolution
		{0005AD11-BB13-4287-90DA-81CF1D93801E}.Debug|Any CPU.ActiveCfg = Debug|Any CPU
		{0005AD11-BB13-4287-90DA-81CF1D93801E}.Debug|Any CPU.Build.0 = Debug|Any CPU
		{0005AD11-BB13-4287-90DA-81CF1D93801E}.Release|Any CPU.ActiveCfg = Release|Any CPU
		{0005AD11-BB13-4287-90DA-81CF1D93801E}.Release|Any CPU.Build.0 = Release|Any CPU
		{0CD2A76A-1E36-4C4E-90B3-7359A8CFB9DB}.Debug|Any CPU.ActiveCfg = Debug|Any CPU
		{0CD2A76A-1E36-4C4E-90B3-7359A8CFB9DB}.Debug|Any CPU.Build.0 = Debug|Any CPU
		{0CD2A76A-1E36-4C4E-90B3-7359A8CFB9DB}.Release|Any CPU.ActiveCfg = Release|Any CPU
		{0CD2A76A-1E36-4C4E-90B3-7359A8CFB9DB}.Release|Any CPU.Build.0 = Release|Any CPU
	EndGlobalSection
	GlobalSection(SolutionProperties) = preSolution
		HideSolutionNode = FALSE
	EndGlobalSection
	GlobalSection(ExtensibilityGlobals) = postSolution
		SolutionGuid = {C971C4D3-3B30-4BD4-B576-9188528E7F9B}
	EndGlobalSection
EndGlobal
