
Microsoft Visual Studio Solution File, Format Version 12.00
# Visual Studio Version 17
VisualStudioVersion = 17.8.34330.188
MinimumVisualStudioVersion = 10.0.40219.1
Project("{9A19103F-16F7-4668-BE54-9A1E7A4F7556}") = "Demo01", "Demo01\Demo01.csproj", "{56D5A29E-08E9-4C07-B9F1-BC853AC97D66}"
EndProject
Project("{9A19103F-16F7-4668-BE54-9A1E7A4F7556}") = "Exercice04", "Exercice04\Exercice04.csproj", "{F82A496D-DC8C-4DA5-99B7-B8966F3A0089}"
EndProject
Global
	GlobalSection(SolutionConfigurationPlatforms) = preSolution
		Debug|Any CPU = Debug|Any CPU
		Release|Any CPU = Release|Any CPU
	EndGlobalSection
	GlobalSection(ProjectConfigurationPlatforms) = postSolution
		{56D5A29E-08E9-4C07-B9F1-BC853AC97D66}.Debug|Any CPU.ActiveCfg = Debug|Any CPU
		{56D5A29E-08E9-4C07-B9F1-BC853AC97D66}.Debug|Any CPU.Build.0 = Debug|Any CPU
		{56D5A29E-08E9-4C07-B9F1-BC853AC97D66}.Release|Any CPU.ActiveCfg = Release|Any CPU
		{56D5A29E-08E9-4C07-B9F1-BC853AC97D66}.Release|Any CPU.Build.0 = Release|Any CPU
		{F82A496D-DC8C-4DA5-99B7-B8966F3A0089}.Debug|Any CPU.ActiveCfg = Debug|Any CPU
		{F82A496D-DC8C-4DA5-99B7-B8966F3A0089}.Debug|Any CPU.Build.0 = Debug|Any CPU
		{F82A496D-DC8C-4DA5-99B7-B8966F3A0089}.Release|Any CPU.ActiveCfg = Release|Any CPU
		{F82A496D-DC8C-4DA5-99B7-B8966F3A0089}.Release|Any CPU.Build.0 = Release|Any CPU
	EndGlobalSection
	GlobalSection(SolutionProperties) = preSolution
		HideSolutionNode = FALSE
	EndGlobalSection
	GlobalSection(ExtensibilityGlobals) = postSolution
		SolutionGuid = {5A425515-64FB-487D-A2AF-4241AE9588D0}
	EndGlobalSection
EndGlobal
