
Microsoft Visual Studio Solution File, Format Version 12.00
# Visual Studio Version 17
VisualStudioVersion = 17.8.34408.163
MinimumVisualStudioVersion = 10.0.40219.1
Project("{9A19103F-16F7-4668-BE54-9A1E7A4F7556}") = "Demo01Decouverte", "Demo01Decouverte\Demo01Decouverte.csproj", "{063D08FE-3F2E-4363-8C6A-D4ECFEFD23F0}"
EndProject
Project("{FAE04EC0-301F-11D3-BF4B-00C04F79EFBC}") = "Correction01Personnage", "Correction01Personnage\Correction01Personnage.csproj", "{279959BA-6A38-420F-B31F-19A6FF0F3FA5}"
EndProject
Global
	GlobalSection(SolutionConfigurationPlatforms) = preSolution
		Debug|Any CPU = Debug|Any CPU
		Release|Any CPU = Release|Any CPU
	EndGlobalSection
	GlobalSection(ProjectConfigurationPlatforms) = postSolution
		{063D08FE-3F2E-4363-8C6A-D4ECFEFD23F0}.Debug|Any CPU.ActiveCfg = Debug|Any CPU
		{063D08FE-3F2E-4363-8C6A-D4ECFEFD23F0}.Debug|Any CPU.Build.0 = Debug|Any CPU
		{063D08FE-3F2E-4363-8C6A-D4ECFEFD23F0}.Release|Any CPU.ActiveCfg = Release|Any CPU
		{063D08FE-3F2E-4363-8C6A-D4ECFEFD23F0}.Release|Any CPU.Build.0 = Release|Any CPU
		{279959BA-6A38-420F-B31F-19A6FF0F3FA5}.Debug|Any CPU.ActiveCfg = Debug|Any CPU
		{279959BA-6A38-420F-B31F-19A6FF0F3FA5}.Debug|Any CPU.Build.0 = Debug|Any CPU
		{279959BA-6A38-420F-B31F-19A6FF0F3FA5}.Release|Any CPU.ActiveCfg = Release|Any CPU
		{279959BA-6A38-420F-B31F-19A6FF0F3FA5}.Release|Any CPU.Build.0 = Release|Any CPU
	EndGlobalSection
	GlobalSection(SolutionProperties) = preSolution
		HideSolutionNode = FALSE
	EndGlobalSection
	GlobalSection(ExtensibilityGlobals) = postSolution
		SolutionGuid = {94B33ABD-B1DF-4783-A5AF-B9AB5943B7E9}
	EndGlobalSection
EndGlobal
