
Microsoft Visual Studio Solution File, Format Version 12.00
# Visual Studio Version 17
VisualStudioVersion = 17.8.34330.188
MinimumVisualStudioVersion = 10.0.40219.1
Project("{9A19103F-16F7-4668-BE54-9A1E7A4F7556}") = "Demo01", "Demo01\Demo01.csproj", "{1B6D1F2C-EA29-4A31-A736-9ABADA5BD2B3}"
EndProject
Project("{9A19103F-16F7-4668-BE54-9A1E7A4F7556}") = "Demo02", "Demo02\Demo02.csproj", "{BC867A34-B6C7-45AE-8D3A-FF87BC6D8555}"
EndProject
Project("{2150E333-8FDC-42A3-9474-1A3956D46DE8}") = "Demos", "Demos", "{9F0A1690-4042-4D7B-A034-C6AC4A6E3BA6}"
EndProject
Project("{2150E333-8FDC-42A3-9474-1A3956D46DE8}") = "Corrections", "Corrections", "{16ADCEB7-92BB-4C51-BB44-5CDE3D1AA1DA}"
EndProject
Project("{9A19103F-16F7-4668-BE54-9A1E7A4F7556}") = "Exercice01", "Exercice01\Exercice01.csproj", "{B2A324D9-9812-4049-ABCC-6E2C447EBA62}"
EndProject
Project("{9A19103F-16F7-4668-BE54-9A1E7A4F7556}") = "Exercice02", "Exercice02\Exercice02.csproj", "{79C73627-E904-4CD1-ACD4-C57065A57B0C}"
EndProject
Project("{9A19103F-16F7-4668-BE54-9A1E7A4F7556}") = "Exercice03", "Exercice03\Exercice03.csproj", "{5A8D524A-FAA7-4E8E-A74B-EDAF6130DC6E}"
EndProject
Project("{9A19103F-16F7-4668-BE54-9A1E7A4F7556}") = "Exercice04", "Exercice04\Exercice04.csproj", "{E84646B6-7845-4DA0-8FE2-9C2005FCE3CE}"
EndProject
Project("{9A19103F-16F7-4668-BE54-9A1E7A4F7556}") = "Exercice05", "Exercice05\Exercice05.csproj", "{7E7E0404-3321-4E78-A358-E6478C076719}"
EndProject
Project("{9A19103F-16F7-4668-BE54-9A1E7A4F7556}") = "Exercice06", "Exercice06\Exercice06.csproj", "{88E8F45F-6506-4C41-810F-E16AF3650EB2}"
EndProject
Project("{9A19103F-16F7-4668-BE54-9A1E7A4F7556}") = "Exercice07", "Exercice07\Exercice07.csproj", "{65909DE6-C9BD-4353-8E0E-DF4F6CCF02A0}"
EndProject
Project("{9A19103F-16F7-4668-BE54-9A1E7A4F7556}") = "Exercice08", "Exercice08\Exercice08.csproj", "{FB2E827A-A903-4478-91FF-E55F6FD4B740}"
EndProject
Project("{9A19103F-16F7-4668-BE54-9A1E7A4F7556}") = "Exercice09", "Exercice09\Exercice09.csproj", "{CDBCDEBA-A985-41C6-88FF-BFB031DF7CEE}"
EndProject
Project("{9A19103F-16F7-4668-BE54-9A1E7A4F7556}") = "Exercice10", "Exercice10\Exercice10.csproj", "{AC39BB80-7F9C-4B6F-A910-6A94DE64488E}"
EndProject
Project("{FAE04EC0-301F-11D3-BF4B-00C04F79EFBC}") = "Exercice11", "Exercice11\Exercice11.csproj", "{0841B408-B4D8-4E4C-AC8B-FC08AD57FEA9}"
EndProject
Project("{FAE04EC0-301F-11D3-BF4B-00C04F79EFBC}") = "Exercice12", "Exercice12\Exercice12.csproj", "{75F2E07D-EF20-402C-95EE-9BCE0505FE09}"
EndProject
Project("{FAE04EC0-301F-11D3-BF4B-00C04F79EFBC}") = "Exercice13", "Exercice13\Exercice13.csproj", "{21F5F132-E3DD-45FE-94C2-AD5122B8635A}"
EndProject
Global
	GlobalSection(SolutionConfigurationPlatforms) = preSolution
		Debug|Any CPU = Debug|Any CPU
		Release|Any CPU = Release|Any CPU
	EndGlobalSection
	GlobalSection(ProjectConfigurationPlatforms) = postSolution
		{1B6D1F2C-EA29-4A31-A736-9ABADA5BD2B3}.Debug|Any CPU.ActiveCfg = Debug|Any CPU
		{1B6D1F2C-EA29-4A31-A736-9ABADA5BD2B3}.Debug|Any CPU.Build.0 = Debug|Any CPU
		{1B6D1F2C-EA29-4A31-A736-9ABADA5BD2B3}.Release|Any CPU.ActiveCfg = Release|Any CPU
		{1B6D1F2C-EA29-4A31-A736-9ABADA5BD2B3}.Release|Any CPU.Build.0 = Release|Any CPU
		{BC867A34-B6C7-45AE-8D3A-FF87BC6D8555}.Debug|Any CPU.ActiveCfg = Debug|Any CPU
		{BC867A34-B6C7-45AE-8D3A-FF87BC6D8555}.Debug|Any CPU.Build.0 = Debug|Any CPU
		{BC867A34-B6C7-45AE-8D3A-FF87BC6D8555}.Release|Any CPU.ActiveCfg = Release|Any CPU
		{BC867A34-B6C7-45AE-8D3A-FF87BC6D8555}.Release|Any CPU.Build.0 = Release|Any CPU
		{B2A324D9-9812-4049-ABCC-6E2C447EBA62}.Debug|Any CPU.ActiveCfg = Debug|Any CPU
		{B2A324D9-9812-4049-ABCC-6E2C447EBA62}.Debug|Any CPU.Build.0 = Debug|Any CPU
		{B2A324D9-9812-4049-ABCC-6E2C447EBA62}.Release|Any CPU.ActiveCfg = Release|Any CPU
		{B2A324D9-9812-4049-ABCC-6E2C447EBA62}.Release|Any CPU.Build.0 = Release|Any CPU
		{79C73627-E904-4CD1-ACD4-C57065A57B0C}.Debug|Any CPU.ActiveCfg = Debug|Any CPU
		{79C73627-E904-4CD1-ACD4-C57065A57B0C}.Debug|Any CPU.Build.0 = Debug|Any CPU
		{79C73627-E904-4CD1-ACD4-C57065A57B0C}.Release|Any CPU.ActiveCfg = Release|Any CPU
		{79C73627-E904-4CD1-ACD4-C57065A57B0C}.Release|Any CPU.Build.0 = Release|Any CPU
		{5A8D524A-FAA7-4E8E-A74B-EDAF6130DC6E}.Debug|Any CPU.ActiveCfg = Debug|Any CPU
		{5A8D524A-FAA7-4E8E-A74B-EDAF6130DC6E}.Debug|Any CPU.Build.0 = Debug|Any CPU
		{5A8D524A-FAA7-4E8E-A74B-EDAF6130DC6E}.Release|Any CPU.ActiveCfg = Release|Any CPU
		{5A8D524A-FAA7-4E8E-A74B-EDAF6130DC6E}.Release|Any CPU.Build.0 = Release|Any CPU
		{E84646B6-7845-4DA0-8FE2-9C2005FCE3CE}.Debug|Any CPU.ActiveCfg = Debug|Any CPU
		{E84646B6-7845-4DA0-8FE2-9C2005FCE3CE}.Debug|Any CPU.Build.0 = Debug|Any CPU
		{E84646B6-7845-4DA0-8FE2-9C2005FCE3CE}.Release|Any CPU.ActiveCfg = Release|Any CPU
		{E84646B6-7845-4DA0-8FE2-9C2005FCE3CE}.Release|Any CPU.Build.0 = Release|Any CPU
		{7E7E0404-3321-4E78-A358-E6478C076719}.Debug|Any CPU.ActiveCfg = Debug|Any CPU
		{7E7E0404-3321-4E78-A358-E6478C076719}.Debug|Any CPU.Build.0 = Debug|Any CPU
		{7E7E0404-3321-4E78-A358-E6478C076719}.Release|Any CPU.ActiveCfg = Release|Any CPU
		{7E7E0404-3321-4E78-A358-E6478C076719}.Release|Any CPU.Build.0 = Release|Any CPU
		{88E8F45F-6506-4C41-810F-E16AF3650EB2}.Debug|Any CPU.ActiveCfg = Debug|Any CPU
		{88E8F45F-6506-4C41-810F-E16AF3650EB2}.Debug|Any CPU.Build.0 = Debug|Any CPU
		{88E8F45F-6506-4C41-810F-E16AF3650EB2}.Release|Any CPU.ActiveCfg = Release|Any CPU
		{88E8F45F-6506-4C41-810F-E16AF3650EB2}.Release|Any CPU.Build.0 = Release|Any CPU
		{65909DE6-C9BD-4353-8E0E-DF4F6CCF02A0}.Debug|Any CPU.ActiveCfg = Debug|Any CPU
		{65909DE6-C9BD-4353-8E0E-DF4F6CCF02A0}.Debug|Any CPU.Build.0 = Debug|Any CPU
		{65909DE6-C9BD-4353-8E0E-DF4F6CCF02A0}.Release|Any CPU.ActiveCfg = Release|Any CPU
		{65909DE6-C9BD-4353-8E0E-DF4F6CCF02A0}.Release|Any CPU.Build.0 = Release|Any CPU
		{FB2E827A-A903-4478-91FF-E55F6FD4B740}.Debug|Any CPU.ActiveCfg = Debug|Any CPU
		{FB2E827A-A903-4478-91FF-E55F6FD4B740}.Debug|Any CPU.Build.0 = Debug|Any CPU
		{FB2E827A-A903-4478-91FF-E55F6FD4B740}.Release|Any CPU.ActiveCfg = Release|Any CPU
		{FB2E827A-A903-4478-91FF-E55F6FD4B740}.Release|Any CPU.Build.0 = Release|Any CPU
		{CDBCDEBA-A985-41C6-88FF-BFB031DF7CEE}.Debug|Any CPU.ActiveCfg = Debug|Any CPU
		{CDBCDEBA-A985-41C6-88FF-BFB031DF7CEE}.Debug|Any CPU.Build.0 = Debug|Any CPU
		{CDBCDEBA-A985-41C6-88FF-BFB031DF7CEE}.Release|Any CPU.ActiveCfg = Release|Any CPU
		{CDBCDEBA-A985-41C6-88FF-BFB031DF7CEE}.Release|Any CPU.Build.0 = Release|Any CPU
		{AC39BB80-7F9C-4B6F-A910-6A94DE64488E}.Debug|Any CPU.ActiveCfg = Debug|Any CPU
		{AC39BB80-7F9C-4B6F-A910-6A94DE64488E}.Debug|Any CPU.Build.0 = Debug|Any CPU
		{AC39BB80-7F9C-4B6F-A910-6A94DE64488E}.Release|Any CPU.ActiveCfg = Release|Any CPU
		{AC39BB80-7F9C-4B6F-A910-6A94DE64488E}.Release|Any CPU.Build.0 = Release|Any CPU
		{0841B408-B4D8-4E4C-AC8B-FC08AD57FEA9}.Debug|Any CPU.ActiveCfg = Debug|Any CPU
		{0841B408-B4D8-4E4C-AC8B-FC08AD57FEA9}.Debug|Any CPU.Build.0 = Debug|Any CPU
		{0841B408-B4D8-4E4C-AC8B-FC08AD57FEA9}.Release|Any CPU.ActiveCfg = Release|Any CPU
		{0841B408-B4D8-4E4C-AC8B-FC08AD57FEA9}.Release|Any CPU.Build.0 = Release|Any CPU
		{75F2E07D-EF20-402C-95EE-9BCE0505FE09}.Debug|Any CPU.ActiveCfg = Debug|Any CPU
		{75F2E07D-EF20-402C-95EE-9BCE0505FE09}.Debug|Any CPU.Build.0 = Debug|Any CPU
		{75F2E07D-EF20-402C-95EE-9BCE0505FE09}.Release|Any CPU.ActiveCfg = Release|Any CPU
		{75F2E07D-EF20-402C-95EE-9BCE0505FE09}.Release|Any CPU.Build.0 = Release|Any CPU
		{21F5F132-E3DD-45FE-94C2-AD5122B8635A}.Debug|Any CPU.ActiveCfg = Debug|Any CPU
		{21F5F132-E3DD-45FE-94C2-AD5122B8635A}.Debug|Any CPU.Build.0 = Debug|Any CPU
		{21F5F132-E3DD-45FE-94C2-AD5122B8635A}.Release|Any CPU.ActiveCfg = Release|Any CPU
		{21F5F132-E3DD-45FE-94C2-AD5122B8635A}.Release|Any CPU.Build.0 = Release|Any CPU
	EndGlobalSection
	GlobalSection(SolutionProperties) = preSolution
		HideSolutionNode = FALSE
	EndGlobalSection
	GlobalSection(NestedProjects) = preSolution
		{1B6D1F2C-EA29-4A31-A736-9ABADA5BD2B3} = {9F0A1690-4042-4D7B-A034-C6AC4A6E3BA6}
		{BC867A34-B6C7-45AE-8D3A-FF87BC6D8555} = {9F0A1690-4042-4D7B-A034-C6AC4A6E3BA6}
		{B2A324D9-9812-4049-ABCC-6E2C447EBA62} = {16ADCEB7-92BB-4C51-BB44-5CDE3D1AA1DA}
		{79C73627-E904-4CD1-ACD4-C57065A57B0C} = {16ADCEB7-92BB-4C51-BB44-5CDE3D1AA1DA}
		{5A8D524A-FAA7-4E8E-A74B-EDAF6130DC6E} = {16ADCEB7-92BB-4C51-BB44-5CDE3D1AA1DA}
		{E84646B6-7845-4DA0-8FE2-9C2005FCE3CE} = {16ADCEB7-92BB-4C51-BB44-5CDE3D1AA1DA}
		{7E7E0404-3321-4E78-A358-E6478C076719} = {16ADCEB7-92BB-4C51-BB44-5CDE3D1AA1DA}
		{88E8F45F-6506-4C41-810F-E16AF3650EB2} = {16ADCEB7-92BB-4C51-BB44-5CDE3D1AA1DA}
		{65909DE6-C9BD-4353-8E0E-DF4F6CCF02A0} = {16ADCEB7-92BB-4C51-BB44-5CDE3D1AA1DA}
		{FB2E827A-A903-4478-91FF-E55F6FD4B740} = {16ADCEB7-92BB-4C51-BB44-5CDE3D1AA1DA}
		{CDBCDEBA-A985-41C6-88FF-BFB031DF7CEE} = {16ADCEB7-92BB-4C51-BB44-5CDE3D1AA1DA}
		{AC39BB80-7F9C-4B6F-A910-6A94DE64488E} = {16ADCEB7-92BB-4C51-BB44-5CDE3D1AA1DA}
		{0841B408-B4D8-4E4C-AC8B-FC08AD57FEA9} = {16ADCEB7-92BB-4C51-BB44-5CDE3D1AA1DA}
		{75F2E07D-EF20-402C-95EE-9BCE0505FE09} = {16ADCEB7-92BB-4C51-BB44-5CDE3D1AA1DA}
		{21F5F132-E3DD-45FE-94C2-AD5122B8635A} = {16ADCEB7-92BB-4C51-BB44-5CDE3D1AA1DA}
	EndGlobalSection
	GlobalSection(ExtensibilityGlobals) = postSolution
		SolutionGuid = {1F22E0AB-54C6-4FC8-9029-983CE3F55D0A}
	EndGlobalSection
EndGlobal
