
Microsoft Visual Studio Solution File, Format Version 12.00
# Visual Studio Version 17
VisualStudioVersion = 17.8.34330.188
MinimumVisualStudioVersion = 10.0.40219.1
Project("{9A19103F-16F7-4668-BE54-9A1E7A4F7556}") = "Demo01", "Demo01\Demo01.csproj", "{1B6D1F2C-EA29-4A31-A736-9ABADA5BD2B3}"
EndProject
Project("{9A19103F-16F7-4668-BE54-9A1E7A4F7556}") = "Demo02", "Demo02\Demo02.csproj", "{BC867A34-B6C7-45AE-8D3A-FF87BC6D8555}"
EndProject
Project("{2150E333-8FDC-42A3-9474-1A3956D46DE8}") = "Demos", "Demos", "{9F0A1690-4042-4D7B-A034-C6AC4A6E3BA6}"
EndProject
Project("{2150E333-8FDC-42A3-9474-1A3956D46DE8}") = "Corrections", "Corrections", "{16ADCEB7-92BB-4C51-BB44-5CDE3D1AA1DA}"
EndProject
Project("{9A19103F-16F7-4668-BE54-9A1E7A4F7556}") = "Exercice01", "Exercice01\Exercice01.csproj", "{B2A324D9-9812-4049-ABCC-6E2C447EBA62}"
EndProject
Project("{9A19103F-16F7-4668-BE54-9A1E7A4F7556}") = "Exercice02", "Exercice02\Exercice02.csproj", "{79C73627-E904-4CD1-ACD4-C57065A57B0C}"
EndProject
Project("{9A19103F-16F7-4668-BE54-9A1E7A4F7556}") = "Exercice03", "Exercice03\Exercice03.csproj", "{5A8D524A-FAA7-4E8E-A74B-EDAF6130DC6E}"
EndProject
Project("{9A19103F-16F7-4668-BE54-9A1E7A4F7556}") = "Exercice04", "Exercice04\Exercice04.csproj", "{E84646B6-7845-4DA0-8FE2-9C2005FCE3CE}"
EndProject
Project("{9A19103F-16F7-4668-BE54-9A1E7A4F7556}") = "Exercice05", "Exercice05\Exercice05.csproj", "{7E7E0404-3321-4E78-A358-E6478C076719}"
EndProject
Project("{9A19103F-16F7-4668-BE54-9A1E7A4F7556}") = "Exercice06", "Exercice06\Exercice06.csproj", "{88E8F45F-6506-4C41-810F-E16AF3650EB2}"
EndProject
Project("{9A19103F-16F7-4668-BE54-9A1E7A4F7556}") = "Exercice07", "Exercice07\Exercice07.csproj", "{65909DE6-C9BD-4353-8E0E-DF4F6CCF02A0}"
EndProject
Project("{9A19103F-16F7-4668-BE54-9A1E7A4F7556}") = "Exercice08", "Exercice08\Exercice08.csproj", "{FB2E827A-A903-4478-91FF-E55F6FD4B740}"
EndProject
Project("{9A19103F-16F7-4668-BE54-9A1E7A4F7556}") = "Exercice09", "Exercice09\Exercice09.csproj", "{CDBCDEBA-A985-41C6-88FF-BFB031DF7CEE}"
EndProject
Project("{9A19103F-16F7-4668-BE54-9A1E7A4F7556}") = "Exercice10", "Exercice10\Exercice10.csproj", "{AC39BB80-7F9C-4B6F-A910-6A94DE64488E}"
EndProject
Project("{9A19103F-16F7-4668-BE54-9A1E7A4F7556}") = "Exercice11", "Exercice11\Exercice11.csproj", "{0841B408-B4D8-4E4C-AC8B-FC08AD57FEA9}"
EndProject
Project("{9A19103F-16F7-4668-BE54-9A1E7A4F7556}") = "Exercice12", "Exercice12\Exercice12.csproj", "{75F2E07D-EF20-402C-95EE-9BCE0505FE09}"
EndProject
Project("{9A19103F-16F7-4668-BE54-9A1E7A4F7556}") = "Exercice13", "Exercice13\Exercice13.csproj", "{21F5F132-E3DD-45FE-94C2-AD5122B8635A}"
EndProject
Project("{9A19103F-16F7-4668-BE54-9A1E7A4F7556}") = "Exercice14", "Exercice14\Exercice14.csproj", "{D2CBCDBD-7927-4DBB-8F91-14E5FE78CE31}"
EndProject
Project("{9A19103F-16F7-4668-BE54-9A1E7A4F7556}") = "Exercice15", "Exercice15\Exercice15.csproj", "{45BE5E7B-AC37-421C-9C12-D4F1B97AB6CC}"
EndProject
Project("{9A19103F-16F7-4668-BE54-9A1E7A4F7556}") = "Exercice17", "Exercice17\Exercice17.csproj", "{0E9C404D-E674-408D-A887-454A3A95736E}"
EndProject
Project("{9A19103F-16F7-4668-BE54-9A1E7A4F7556}") = "Exercice18", "Exercice18\Exercice18.csproj", "{174FA443-85AF-47CE-ABE7-D4D9C0761857}"
EndProject
Project("{9A19103F-16F7-4668-BE54-9A1E7A4F7556}") = "Exercice20", "Exercice20\Exercice20.csproj", "{F5D0D4A0-2666-4AD6-89A5-3FD3DD50B45F}"
EndProject
Project("{9A19103F-16F7-4668-BE54-9A1E7A4F7556}") = "Exercice21", "Exercice21\Exercice21.csproj", "{8020CE28-AD98-446F-8081-A4BBDB890B2F}"
EndProject
Project("{9A19103F-16F7-4668-BE54-9A1E7A4F7556}") = "Exercice22", "Exercice22\Exercice22.csproj", "{B28C7659-BEE4-43B2-9172-257927033019}"
EndProject
Project("{9A19103F-16F7-4668-BE54-9A1E7A4F7556}") = "Exercice23", "Exercice23\Exercice23.csproj", "{23DD6899-94D7-46AA-8AAA-367065485449}"
EndProject
Project("{9A19103F-16F7-4668-BE54-9A1E7A4F7556}") = "Exercice24", "Exercice24\Exercice24.csproj", "{2E6CDCE8-F0DC-4A2F-BDFC-18F12DD51401}"
EndProject
Project("{9A19103F-16F7-4668-BE54-9A1E7A4F7556}") = "Exercice25", "Exercice25\Exercice25.csproj", "{17DC6864-C9CF-47DE-9DEE-FCD93BC7AF75}"
EndProject
Project("{FAE04EC0-301F-11D3-BF4B-00C04F79EFBC}") = "Exercice26", "Exercice26\Exercice26.csproj", "{88C2E421-F906-4DF2-9C7A-F28A5BB59488}"
EndProject
Project("{FAE04EC0-301F-11D3-BF4B-00C04F79EFBC}") = "Exercice25bisSapin", "Exercice25bisSapin\Exercice25bisSapin.csproj", "{DF767940-03D7-43CC-B9D0-8AF2491A3423}"
EndProject
Project("{FAE04EC0-301F-11D3-BF4B-00C04F79EFBC}") = "Exercice27", "Exercice27\Exercice27.csproj", "{EF691FB9-8EC9-400E-A4D7-052A30FACF02}"
EndProject
Project("{FAE04EC0-301F-11D3-BF4B-00C04F79EFBC}") = "Exercice28", "Exercice28\Exercice28.csproj", "{9FBFE6A5-9B93-4ADB-8023-6A7A14F8F257}"
EndProject
Project("{FAE04EC0-301F-11D3-BF4B-00C04F79EFBC}") = "Exercice29", "Exercice29\Exercice29.csproj", "{ADC9E23F-2AAC-4040-9F29-3D1F64599292}"
EndProject
Project("{FAE04EC0-301F-11D3-BF4B-00C04F79EFBC}") = "Exercice30", "Exercice30\Exercice30.csproj", "{A11A6FA0-BF7F-4E20-BAA8-935638F85F30}"
EndProject
Project("{FAE04EC0-301F-11D3-BF4B-00C04F79EFBC}") = "Exercice31", "Exercice31\Exercice31.csproj", "{38C48E0A-372E-4AD5-9B20-1847549B9E39}"
EndProject
Project("{FAE04EC0-301F-11D3-BF4B-00C04F79EFBC}") = "Exercice32", "Exercice32\Exercice32.csproj", "{42B57369-AB44-4B75-9031-BB7E90198E7B}"
EndProject
Project("{FAE04EC0-301F-11D3-BF4B-00C04F79EFBC}") = "Exercice33", "Exercice33\Exercice33.csproj", "{23102842-36A4-4A1F-9D3D-80A351085800}"
EndProject
Project("{FAE04EC0-301F-11D3-BF4B-00C04F79EFBC}") = "Exercice34", "Exercice34\Exercice34.csproj", "{DAB5433E-22AD-4DC5-A09E-960ACD88A99B}"
EndProject
Project("{FAE04EC0-301F-11D3-BF4B-00C04F79EFBC}") = "Exercice35", "Exercice35\Exercice35.csproj", "{4D92BFF7-34C6-4360-9A4E-A7B8171ECF57}"
EndProject
Global
	GlobalSection(SolutionConfigurationPlatforms) = preSolution
		Debug|Any CPU = Debug|Any CPU
		Release|Any CPU = Release|Any CPU
	EndGlobalSection
	GlobalSection(ProjectConfigurationPlatforms) = postSolution
		{1B6D1F2C-EA29-4A31-A736-9ABADA5BD2B3}.Debug|Any CPU.ActiveCfg = Debug|Any CPU
		{1B6D1F2C-EA29-4A31-A736-9ABADA5BD2B3}.Debug|Any CPU.Build.0 = Debug|Any CPU
		{1B6D1F2C-EA29-4A31-A736-9ABADA5BD2B3}.Release|Any CPU.ActiveCfg = Release|Any CPU
		{1B6D1F2C-EA29-4A31-A736-9ABADA5BD2B3}.Release|Any CPU.Build.0 = Release|Any CPU
		{BC867A34-B6C7-45AE-8D3A-FF87BC6D8555}.Debug|Any CPU.ActiveCfg = Debug|Any CPU
		{BC867A34-B6C7-45AE-8D3A-FF87BC6D8555}.Debug|Any CPU.Build.0 = Debug|Any CPU
		{BC867A34-B6C7-45AE-8D3A-FF87BC6D8555}.Release|Any CPU.ActiveCfg = Release|Any CPU
		{BC867A34-B6C7-45AE-8D3A-FF87BC6D8555}.Release|Any CPU.Build.0 = Release|Any CPU
		{B2A324D9-9812-4049-ABCC-6E2C447EBA62}.Debug|Any CPU.ActiveCfg = Debug|Any CPU
		{B2A324D9-9812-4049-ABCC-6E2C447EBA62}.Debug|Any CPU.Build.0 = Debug|Any CPU
		{B2A324D9-9812-4049-ABCC-6E2C447EBA62}.Release|Any CPU.ActiveCfg = Release|Any CPU
		{B2A324D9-9812-4049-ABCC-6E2C447EBA62}.Release|Any CPU.Build.0 = Release|Any CPU
		{79C73627-E904-4CD1-ACD4-C57065A57B0C}.Debug|Any CPU.ActiveCfg = Debug|Any CPU
		{79C73627-E904-4CD1-ACD4-C57065A57B0C}.Debug|Any CPU.Build.0 = Debug|Any CPU
		{79C73627-E904-4CD1-ACD4-C57065A57B0C}.Release|Any CPU.ActiveCfg = Release|Any CPU
		{79C73627-E904-4CD1-ACD4-C57065A57B0C}.Release|Any CPU.Build.0 = Release|Any CPU
		{5A8D524A-FAA7-4E8E-A74B-EDAF6130DC6E}.Debug|Any CPU.ActiveCfg = Debug|Any CPU
		{5A8D524A-FAA7-4E8E-A74B-EDAF6130DC6E}.Debug|Any CPU.Build.0 = Debug|Any CPU
		{5A8D524A-FAA7-4E8E-A74B-EDAF6130DC6E}.Release|Any CPU.ActiveCfg = Release|Any CPU
		{5A8D524A-FAA7-4E8E-A74B-EDAF6130DC6E}.Release|Any CPU.Build.0 = Release|Any CPU
		{E84646B6-7845-4DA0-8FE2-9C2005FCE3CE}.Debug|Any CPU.ActiveCfg = Debug|Any CPU
		{E84646B6-7845-4DA0-8FE2-9C2005FCE3CE}.Debug|Any CPU.Build.0 = Debug|Any CPU
		{E84646B6-7845-4DA0-8FE2-9C2005FCE3CE}.Release|Any CPU.ActiveCfg = Release|Any CPU
		{E84646B6-7845-4DA0-8FE2-9C2005FCE3CE}.Release|Any CPU.Build.0 = Release|Any CPU
		{7E7E0404-3321-4E78-A358-E6478C076719}.Debug|Any CPU.ActiveCfg = Debug|Any CPU
		{7E7E0404-3321-4E78-A358-E6478C076719}.Debug|Any CPU.Build.0 = Debug|Any CPU
		{7E7E0404-3321-4E78-A358-E6478C076719}.Release|Any CPU.ActiveCfg = Release|Any CPU
		{7E7E0404-3321-4E78-A358-E6478C076719}.Release|Any CPU.Build.0 = Release|Any CPU
		{88E8F45F-6506-4C41-810F-E16AF3650EB2}.Debug|Any CPU.ActiveCfg = Debug|Any CPU
		{88E8F45F-6506-4C41-810F-E16AF3650EB2}.Debug|Any CPU.Build.0 = Debug|Any CPU
		{88E8F45F-6506-4C41-810F-E16AF3650EB2}.Release|Any CPU.ActiveCfg = Release|Any CPU
		{88E8F45F-6506-4C41-810F-E16AF3650EB2}.Release|Any CPU.Build.0 = Release|Any CPU
		{65909DE6-C9BD-4353-8E0E-DF4F6CCF02A0}.Debug|Any CPU.ActiveCfg = Debug|Any CPU
		{65909DE6-C9BD-4353-8E0E-DF4F6CCF02A0}.Debug|Any CPU.Build.0 = Debug|Any CPU
		{65909DE6-C9BD-4353-8E0E-DF4F6CCF02A0}.Release|Any CPU.ActiveCfg = Release|Any CPU
		{65909DE6-C9BD-4353-8E0E-DF4F6CCF02A0}.Release|Any CPU.Build.0 = Release|Any CPU
		{FB2E827A-A903-4478-91FF-E55F6FD4B740}.Debug|Any CPU.ActiveCfg = Debug|Any CPU
		{FB2E827A-A903-4478-91FF-E55F6FD4B740}.Debug|Any CPU.Build.0 = Debug|Any CPU
		{FB2E827A-A903-4478-91FF-E55F6FD4B740}.Release|Any CPU.ActiveCfg = Release|Any CPU
		{FB2E827A-A903-4478-91FF-E55F6FD4B740}.Release|Any CPU.Build.0 = Release|Any CPU
		{CDBCDEBA-A985-41C6-88FF-BFB031DF7CEE}.Debug|Any CPU.ActiveCfg = Debug|Any CPU
		{CDBCDEBA-A985-41C6-88FF-BFB031DF7CEE}.Debug|Any CPU.Build.0 = Debug|Any CPU
		{CDBCDEBA-A985-41C6-88FF-BFB031DF7CEE}.Release|Any CPU.ActiveCfg = Release|Any CPU
		{CDBCDEBA-A985-41C6-88FF-BFB031DF7CEE}.Release|Any CPU.Build.0 = Release|Any CPU
		{AC39BB80-7F9C-4B6F-A910-6A94DE64488E}.Debug|Any CPU.ActiveCfg = Debug|Any CPU
		{AC39BB80-7F9C-4B6F-A910-6A94DE64488E}.Debug|Any CPU.Build.0 = Debug|Any CPU
		{AC39BB80-7F9C-4B6F-A910-6A94DE64488E}.Release|Any CPU.ActiveCfg = Release|Any CPU
		{AC39BB80-7F9C-4B6F-A910-6A94DE64488E}.Release|Any CPU.Build.0 = Release|Any CPU
		{0841B408-B4D8-4E4C-AC8B-FC08AD57FEA9}.Debug|Any CPU.ActiveCfg = Debug|Any CPU
		{0841B408-B4D8-4E4C-AC8B-FC08AD57FEA9}.Debug|Any CPU.Build.0 = Debug|Any CPU
		{0841B408-B4D8-4E4C-AC8B-FC08AD57FEA9}.Release|Any CPU.ActiveCfg = Release|Any CPU
		{0841B408-B4D8-4E4C-AC8B-FC08AD57FEA9}.Release|Any CPU.Build.0 = Release|Any CPU
		{75F2E07D-EF20-402C-95EE-9BCE0505FE09}.Debug|Any CPU.ActiveCfg = Debug|Any CPU
		{75F2E07D-EF20-402C-95EE-9BCE0505FE09}.Debug|Any CPU.Build.0 = Debug|Any CPU
		{75F2E07D-EF20-402C-95EE-9BCE0505FE09}.Release|Any CPU.ActiveCfg = Release|Any CPU
		{75F2E07D-EF20-402C-95EE-9BCE0505FE09}.Release|Any CPU.Build.0 = Release|Any CPU
		{21F5F132-E3DD-45FE-94C2-AD5122B8635A}.Debug|Any CPU.ActiveCfg = Debug|Any CPU
		{21F5F132-E3DD-45FE-94C2-AD5122B8635A}.Debug|Any CPU.Build.0 = Debug|Any CPU
		{21F5F132-E3DD-45FE-94C2-AD5122B8635A}.Release|Any CPU.ActiveCfg = Release|Any CPU
		{21F5F132-E3DD-45FE-94C2-AD5122B8635A}.Release|Any CPU.Build.0 = Release|Any CPU
		{D2CBCDBD-7927-4DBB-8F91-14E5FE78CE31}.Debug|Any CPU.ActiveCfg = Debug|Any CPU
		{D2CBCDBD-7927-4DBB-8F91-14E5FE78CE31}.Debug|Any CPU.Build.0 = Debug|Any CPU
		{D2CBCDBD-7927-4DBB-8F91-14E5FE78CE31}.Release|Any CPU.ActiveCfg = Release|Any CPU
		{D2CBCDBD-7927-4DBB-8F91-14E5FE78CE31}.Release|Any CPU.Build.0 = Release|Any CPU
		{45BE5E7B-AC37-421C-9C12-D4F1B97AB6CC}.Debug|Any CPU.ActiveCfg = Debug|Any CPU
		{45BE5E7B-AC37-421C-9C12-D4F1B97AB6CC}.Debug|Any CPU.Build.0 = Debug|Any CPU
		{45BE5E7B-AC37-421C-9C12-D4F1B97AB6CC}.Release|Any CPU.ActiveCfg = Release|Any CPU
		{45BE5E7B-AC37-421C-9C12-D4F1B97AB6CC}.Release|Any CPU.Build.0 = Release|Any CPU
		{0E9C404D-E674-408D-A887-454A3A95736E}.Debug|Any CPU.ActiveCfg = Debug|Any CPU
		{0E9C404D-E674-408D-A887-454A3A95736E}.Debug|Any CPU.Build.0 = Debug|Any CPU
		{0E9C404D-E674-408D-A887-454A3A95736E}.Release|Any CPU.ActiveCfg = Release|Any CPU
		{0E9C404D-E674-408D-A887-454A3A95736E}.Release|Any CPU.Build.0 = Release|Any CPU
		{174FA443-85AF-47CE-ABE7-D4D9C0761857}.Debug|Any CPU.ActiveCfg = Debug|Any CPU
		{174FA443-85AF-47CE-ABE7-D4D9C0761857}.Debug|Any CPU.Build.0 = Debug|Any CPU
		{174FA443-85AF-47CE-ABE7-D4D9C0761857}.Release|Any CPU.ActiveCfg = Release|Any CPU
		{174FA443-85AF-47CE-ABE7-D4D9C0761857}.Release|Any CPU.Build.0 = Release|Any CPU
		{F5D0D4A0-2666-4AD6-89A5-3FD3DD50B45F}.Debug|Any CPU.ActiveCfg = Debug|Any CPU
		{F5D0D4A0-2666-4AD6-89A5-3FD3DD50B45F}.Debug|Any CPU.Build.0 = Debug|Any CPU
		{F5D0D4A0-2666-4AD6-89A5-3FD3DD50B45F}.Release|Any CPU.ActiveCfg = Release|Any CPU
		{F5D0D4A0-2666-4AD6-89A5-3FD3DD50B45F}.Release|Any CPU.Build.0 = Release|Any CPU
		{8020CE28-AD98-446F-8081-A4BBDB890B2F}.Debug|Any CPU.ActiveCfg = Debug|Any CPU
		{8020CE28-AD98-446F-8081-A4BBDB890B2F}.Debug|Any CPU.Build.0 = Debug|Any CPU
		{8020CE28-AD98-446F-8081-A4BBDB890B2F}.Release|Any CPU.ActiveCfg = Release|Any CPU
		{8020CE28-AD98-446F-8081-A4BBDB890B2F}.Release|Any CPU.Build.0 = Release|Any CPU
		{B28C7659-BEE4-43B2-9172-257927033019}.Debug|Any CPU.ActiveCfg = Debug|Any CPU
		{B28C7659-BEE4-43B2-9172-257927033019}.Debug|Any CPU.Build.0 = Debug|Any CPU
		{B28C7659-BEE4-43B2-9172-257927033019}.Release|Any CPU.ActiveCfg = Release|Any CPU
		{B28C7659-BEE4-43B2-9172-257927033019}.Release|Any CPU.Build.0 = Release|Any CPU
		{23DD6899-94D7-46AA-8AAA-367065485449}.Debug|Any CPU.ActiveCfg = Debug|Any CPU
		{23DD6899-94D7-46AA-8AAA-367065485449}.Debug|Any CPU.Build.0 = Debug|Any CPU
		{23DD6899-94D7-46AA-8AAA-367065485449}.Release|Any CPU.ActiveCfg = Release|Any CPU
		{23DD6899-94D7-46AA-8AAA-367065485449}.Release|Any CPU.Build.0 = Release|Any CPU
		{2E6CDCE8-F0DC-4A2F-BDFC-18F12DD51401}.Debug|Any CPU.ActiveCfg = Debug|Any CPU
		{2E6CDCE8-F0DC-4A2F-BDFC-18F12DD51401}.Debug|Any CPU.Build.0 = Debug|Any CPU
		{2E6CDCE8-F0DC-4A2F-BDFC-18F12DD51401}.Release|Any CPU.ActiveCfg = Release|Any CPU
		{2E6CDCE8-F0DC-4A2F-BDFC-18F12DD51401}.Release|Any CPU.Build.0 = Release|Any CPU
		{17DC6864-C9CF-47DE-9DEE-FCD93BC7AF75}.Debug|Any CPU.ActiveCfg = Debug|Any CPU
		{17DC6864-C9CF-47DE-9DEE-FCD93BC7AF75}.Debug|Any CPU.Build.0 = Debug|Any CPU
		{17DC6864-C9CF-47DE-9DEE-FCD93BC7AF75}.Release|Any CPU.ActiveCfg = Release|Any CPU
		{17DC6864-C9CF-47DE-9DEE-FCD93BC7AF75}.Release|Any CPU.Build.0 = Release|Any CPU
		{88C2E421-F906-4DF2-9C7A-F28A5BB59488}.Debug|Any CPU.ActiveCfg = Debug|Any CPU
		{88C2E421-F906-4DF2-9C7A-F28A5BB59488}.Debug|Any CPU.Build.0 = Debug|Any CPU
		{88C2E421-F906-4DF2-9C7A-F28A5BB59488}.Release|Any CPU.ActiveCfg = Release|Any CPU
		{88C2E421-F906-4DF2-9C7A-F28A5BB59488}.Release|Any CPU.Build.0 = Release|Any CPU
		{DF767940-03D7-43CC-B9D0-8AF2491A3423}.Debug|Any CPU.ActiveCfg = Debug|Any CPU
		{DF767940-03D7-43CC-B9D0-8AF2491A3423}.Debug|Any CPU.Build.0 = Debug|Any CPU
		{DF767940-03D7-43CC-B9D0-8AF2491A3423}.Release|Any CPU.ActiveCfg = Release|Any CPU
		{DF767940-03D7-43CC-B9D0-8AF2491A3423}.Release|Any CPU.Build.0 = Release|Any CPU
		{EF691FB9-8EC9-400E-A4D7-052A30FACF02}.Debug|Any CPU.ActiveCfg = Debug|Any CPU
		{EF691FB9-8EC9-400E-A4D7-052A30FACF02}.Debug|Any CPU.Build.0 = Debug|Any CPU
		{EF691FB9-8EC9-400E-A4D7-052A30FACF02}.Release|Any CPU.ActiveCfg = Release|Any CPU
		{EF691FB9-8EC9-400E-A4D7-052A30FACF02}.Release|Any CPU.Build.0 = Release|Any CPU
		{9FBFE6A5-9B93-4ADB-8023-6A7A14F8F257}.Debug|Any CPU.ActiveCfg = Debug|Any CPU
		{9FBFE6A5-9B93-4ADB-8023-6A7A14F8F257}.Debug|Any CPU.Build.0 = Debug|Any CPU
		{9FBFE6A5-9B93-4ADB-8023-6A7A14F8F257}.Release|Any CPU.ActiveCfg = Release|Any CPU
		{9FBFE6A5-9B93-4ADB-8023-6A7A14F8F257}.Release|Any CPU.Build.0 = Release|Any CPU
		{ADC9E23F-2AAC-4040-9F29-3D1F64599292}.Debug|Any CPU.ActiveCfg = Debug|Any CPU
		{ADC9E23F-2AAC-4040-9F29-3D1F64599292}.Debug|Any CPU.Build.0 = Debug|Any CPU
		{ADC9E23F-2AAC-4040-9F29-3D1F64599292}.Release|Any CPU.ActiveCfg = Release|Any CPU
		{ADC9E23F-2AAC-4040-9F29-3D1F64599292}.Release|Any CPU.Build.0 = Release|Any CPU
		{A11A6FA0-BF7F-4E20-BAA8-935638F85F30}.Debug|Any CPU.ActiveCfg = Debug|Any CPU
		{A11A6FA0-BF7F-4E20-BAA8-935638F85F30}.Debug|Any CPU.Build.0 = Debug|Any CPU
		{A11A6FA0-BF7F-4E20-BAA8-935638F85F30}.Release|Any CPU.ActiveCfg = Release|Any CPU
		{A11A6FA0-BF7F-4E20-BAA8-935638F85F30}.Release|Any CPU.Build.0 = Release|Any CPU
		{38C48E0A-372E-4AD5-9B20-1847549B9E39}.Debug|Any CPU.ActiveCfg = Debug|Any CPU
		{38C48E0A-372E-4AD5-9B20-1847549B9E39}.Debug|Any CPU.Build.0 = Debug|Any CPU
		{38C48E0A-372E-4AD5-9B20-1847549B9E39}.Release|Any CPU.ActiveCfg = Release|Any CPU
		{38C48E0A-372E-4AD5-9B20-1847549B9E39}.Release|Any CPU.Build.0 = Release|Any CPU
		{42B57369-AB44-4B75-9031-BB7E90198E7B}.Debug|Any CPU.ActiveCfg = Debug|Any CPU
		{42B57369-AB44-4B75-9031-BB7E90198E7B}.Debug|Any CPU.Build.0 = Debug|Any CPU
		{42B57369-AB44-4B75-9031-BB7E90198E7B}.Release|Any CPU.ActiveCfg = Release|Any CPU
		{42B57369-AB44-4B75-9031-BB7E90198E7B}.Release|Any CPU.Build.0 = Release|Any CPU
		{23102842-36A4-4A1F-9D3D-80A351085800}.Debug|Any CPU.ActiveCfg = Debug|Any CPU
		{23102842-36A4-4A1F-9D3D-80A351085800}.Debug|Any CPU.Build.0 = Debug|Any CPU
		{23102842-36A4-4A1F-9D3D-80A351085800}.Release|Any CPU.ActiveCfg = Release|Any CPU
		{23102842-36A4-4A1F-9D3D-80A351085800}.Release|Any CPU.Build.0 = Release|Any CPU
		{DAB5433E-22AD-4DC5-A09E-960ACD88A99B}.Debug|Any CPU.ActiveCfg = Debug|Any CPU
		{DAB5433E-22AD-4DC5-A09E-960ACD88A99B}.Debug|Any CPU.Build.0 = Debug|Any CPU
		{DAB5433E-22AD-4DC5-A09E-960ACD88A99B}.Release|Any CPU.ActiveCfg = Release|Any CPU
		{DAB5433E-22AD-4DC5-A09E-960ACD88A99B}.Release|Any CPU.Build.0 = Release|Any CPU
		{4D92BFF7-34C6-4360-9A4E-A7B8171ECF57}.Debug|Any CPU.ActiveCfg = Debug|Any CPU
		{4D92BFF7-34C6-4360-9A4E-A7B8171ECF57}.Debug|Any CPU.Build.0 = Debug|Any CPU
		{4D92BFF7-34C6-4360-9A4E-A7B8171ECF57}.Release|Any CPU.ActiveCfg = Release|Any CPU
		{4D92BFF7-34C6-4360-9A4E-A7B8171ECF57}.Release|Any CPU.Build.0 = Release|Any CPU
	EndGlobalSection
	GlobalSection(SolutionProperties) = preSolution
		HideSolutionNode = FALSE
	EndGlobalSection
	GlobalSection(NestedProjects) = preSolution
		{1B6D1F2C-EA29-4A31-A736-9ABADA5BD2B3} = {9F0A1690-4042-4D7B-A034-C6AC4A6E3BA6}
		{BC867A34-B6C7-45AE-8D3A-FF87BC6D8555} = {9F0A1690-4042-4D7B-A034-C6AC4A6E3BA6}
		{B2A324D9-9812-4049-ABCC-6E2C447EBA62} = {16ADCEB7-92BB-4C51-BB44-5CDE3D1AA1DA}
		{79C73627-E904-4CD1-ACD4-C57065A57B0C} = {16ADCEB7-92BB-4C51-BB44-5CDE3D1AA1DA}
		{5A8D524A-FAA7-4E8E-A74B-EDAF6130DC6E} = {16ADCEB7-92BB-4C51-BB44-5CDE3D1AA1DA}
		{E84646B6-7845-4DA0-8FE2-9C2005FCE3CE} = {16ADCEB7-92BB-4C51-BB44-5CDE3D1AA1DA}
		{7E7E0404-3321-4E78-A358-E6478C076719} = {16ADCEB7-92BB-4C51-BB44-5CDE3D1AA1DA}
		{88E8F45F-6506-4C41-810F-E16AF3650EB2} = {16ADCEB7-92BB-4C51-BB44-5CDE3D1AA1DA}
		{65909DE6-C9BD-4353-8E0E-DF4F6CCF02A0} = {16ADCEB7-92BB-4C51-BB44-5CDE3D1AA1DA}
		{FB2E827A-A903-4478-91FF-E55F6FD4B740} = {16ADCEB7-92BB-4C51-BB44-5CDE3D1AA1DA}
		{CDBCDEBA-A985-41C6-88FF-BFB031DF7CEE} = {16ADCEB7-92BB-4C51-BB44-5CDE3D1AA1DA}
		{AC39BB80-7F9C-4B6F-A910-6A94DE64488E} = {16ADCEB7-92BB-4C51-BB44-5CDE3D1AA1DA}
		{0841B408-B4D8-4E4C-AC8B-FC08AD57FEA9} = {16ADCEB7-92BB-4C51-BB44-5CDE3D1AA1DA}
		{75F2E07D-EF20-402C-95EE-9BCE0505FE09} = {16ADCEB7-92BB-4C51-BB44-5CDE3D1AA1DA}
		{21F5F132-E3DD-45FE-94C2-AD5122B8635A} = {16ADCEB7-92BB-4C51-BB44-5CDE3D1AA1DA}
		{D2CBCDBD-7927-4DBB-8F91-14E5FE78CE31} = {16ADCEB7-92BB-4C51-BB44-5CDE3D1AA1DA}
		{45BE5E7B-AC37-421C-9C12-D4F1B97AB6CC} = {16ADCEB7-92BB-4C51-BB44-5CDE3D1AA1DA}
		{0E9C404D-E674-408D-A887-454A3A95736E} = {16ADCEB7-92BB-4C51-BB44-5CDE3D1AA1DA}
		{174FA443-85AF-47CE-ABE7-D4D9C0761857} = {16ADCEB7-92BB-4C51-BB44-5CDE3D1AA1DA}
		{F5D0D4A0-2666-4AD6-89A5-3FD3DD50B45F} = {16ADCEB7-92BB-4C51-BB44-5CDE3D1AA1DA}
		{8020CE28-AD98-446F-8081-A4BBDB890B2F} = {16ADCEB7-92BB-4C51-BB44-5CDE3D1AA1DA}
		{B28C7659-BEE4-43B2-9172-257927033019} = {16ADCEB7-92BB-4C51-BB44-5CDE3D1AA1DA}
		{23DD6899-94D7-46AA-8AAA-367065485449} = {16ADCEB7-92BB-4C51-BB44-5CDE3D1AA1DA}
		{2E6CDCE8-F0DC-4A2F-BDFC-18F12DD51401} = {16ADCEB7-92BB-4C51-BB44-5CDE3D1AA1DA}
		{17DC6864-C9CF-47DE-9DEE-FCD93BC7AF75} = {16ADCEB7-92BB-4C51-BB44-5CDE3D1AA1DA}
		{88C2E421-F906-4DF2-9C7A-F28A5BB59488} = {16ADCEB7-92BB-4C51-BB44-5CDE3D1AA1DA}
		{DF767940-03D7-43CC-B9D0-8AF2491A3423} = {16ADCEB7-92BB-4C51-BB44-5CDE3D1AA1DA}
		{EF691FB9-8EC9-400E-A4D7-052A30FACF02} = {16ADCEB7-92BB-4C51-BB44-5CDE3D1AA1DA}
		{9FBFE6A5-9B93-4ADB-8023-6A7A14F8F257} = {16ADCEB7-92BB-4C51-BB44-5CDE3D1AA1DA}
		{ADC9E23F-2AAC-4040-9F29-3D1F64599292} = {16ADCEB7-92BB-4C51-BB44-5CDE3D1AA1DA}
		{A11A6FA0-BF7F-4E20-BAA8-935638F85F30} = {16ADCEB7-92BB-4C51-BB44-5CDE3D1AA1DA}
		{38C48E0A-372E-4AD5-9B20-1847549B9E39} = {16ADCEB7-92BB-4C51-BB44-5CDE3D1AA1DA}
		{42B57369-AB44-4B75-9031-BB7E90198E7B} = {16ADCEB7-92BB-4C51-BB44-5CDE3D1AA1DA}
		{23102842-36A4-4A1F-9D3D-80A351085800} = {16ADCEB7-92BB-4C51-BB44-5CDE3D1AA1DA}
		{DAB5433E-22AD-4DC5-A09E-960ACD88A99B} = {16ADCEB7-92BB-4C51-BB44-5CDE3D1AA1DA}
		{4D92BFF7-34C6-4360-9A4E-A7B8171ECF57} = {16ADCEB7-92BB-4C51-BB44-5CDE3D1AA1DA}
	EndGlobalSection
	GlobalSection(ExtensibilityGlobals) = postSolution
		SolutionGuid = {1F22E0AB-54C6-4FC8-9029-983CE3F55D0A}
	EndGlobalSection
EndGlobal
