
Microsoft Visual Studio Solution File, Format Version 12.00
# Visual Studio Version 17
VisualStudioVersion = 17.5.002.0
MinimumVisualStudioVersion = 10.0.40219.1
Project("{9A19103F-16F7-4668-BE54-9A1E7A4F7556}") = "mywebapi", "mywebapi.csproj", "{3C1BEA35-E7C8-4ADD-9AB7-E6E4EBE81F00}"
EndProject
Global
	GlobalSection(SolutionConfigurationPlatforms) = preSolution
		Debug|Any CPU = Debug|Any CPU
		Release|Any CPU = Release|Any CPU
	EndGlobalSection
	GlobalSection(ProjectConfigurationPlatforms) = postSolution
		{3C1BEA35-E7C8-4ADD-9AB7-E6E4EBE81F00}.Debug|Any CPU.ActiveCfg = Debug|Any CPU
		{3C1BEA35-E7C8-4ADD-9AB7-E6E4EBE81F00}.Debug|Any CPU.Build.0 = Debug|Any CPU
		{3C1BEA35-E7C8-4ADD-9AB7-E6E4EBE81F00}.Release|Any CPU.ActiveCfg = Release|Any CPU
		{3C1BEA35-E7C8-4ADD-9AB7-E6E4EBE81F00}.Release|Any CPU.Build.0 = Release|Any CPU
	EndGlobalSection
	GlobalSection(SolutionProperties) = preSolution
		HideSolutionNode = FALSE
	EndGlobalSection
	GlobalSection(ExtensibilityGlobals) = postSolution
		SolutionGuid = {B83DCDFB-B3E6-4B64-AC2F-3BDBE1A59973}
	EndGlobalSection
EndGlobal
