
Microsoft Visual Studio Solution File, Format Version 12.00
# Visual Studio Version 17
VisualStudioVersion = 17.8.34330.188
MinimumVisualStudioVersion = 10.0.40219.1
Project("{9A19103F-16F7-4668-BE54-9A1E7A4F7556}") = "Demo01Classes", "Demo01Classes\Demo01Classes.csproj", "{30349E75-35DA-46CD-9157-7EBE7993CFC9}"
EndProject
Project("{2150E333-8FDC-42A3-9474-1A3956D46DE8}") = "Demos", "Demos", "{76006A72-3E49-4F84-A85B-4BB3C09480B6}"
EndProject
Project("{2150E333-8FDC-42A3-9474-1A3956D46DE8}") = "Exercices", "Exercices", "{E1B2D022-269C-41AF-9F9E-F8BECFD5BB8C}"
EndProject
Project("{9A19103F-16F7-4668-BE54-9A1E7A4F7556}") = "Exercice01Chaise", "Exercice01Chaise\Exercice01Chaise.csproj", "{D77FC7CB-DA7F-4C06-9743-8A6642B74AE5}"
EndProject
Project("{9A19103F-16F7-4668-BE54-9A1E7A4F7556}") = "Demo02Static", "Demo02Static\Demo02Static.csproj", "{69D4E28A-CE9E-407F-A4BE-379F4833884C}"
EndProject
Project("{9A19103F-16F7-4668-BE54-9A1E7A4F7556}") = "Exercice02Salarie", "Exercice02Salarie\Exercice02Salarie.csproj", "{F8E94EB2-E910-4740-8646-86FA99234182}"
EndProject
Project("{9A19103F-16F7-4668-BE54-9A1E7A4F7556}") = "Exercice03WaterTank", "Exercice03WaterTank\Exercice03WaterTank.csproj", "{AAC476DD-4268-4C0A-9328-165443765923}"
EndProject
Project("{9A19103F-16F7-4668-BE54-9A1E7A4F7556}") = "Exercice04Pendu", "Exercice04Pendu\Exercice04Pendu.csproj", "{F607183B-F601-408B-AD5E-919559000C8E}"
EndProject
Project("{9A19103F-16F7-4668-BE54-9A1E7A4F7556}") = "Demo03HeritagePolymorphisme", "Demo03HeritagePolymorphisme\Demo03HeritagePolymorphisme.csproj", "{F725B073-2728-4316-A7DE-9C6DC616C46E}"
EndProject
Project("{9A19103F-16F7-4668-BE54-9A1E7A4F7556}") = "Exercice05SalarieCommercial", "Exercice05SalarieCommercial\Exercice05SalarieCommercial.csproj", "{5D059526-860D-4E5E-A3E9-2A77DC32AE2B}"
EndProject
Project("{9A19103F-16F7-4668-BE54-9A1E7A4F7556}") = "Demo04Abstract", "Demo04Abstract\Demo04Abstract.csproj", "{72B1F5FA-F610-40A2-A88B-7D8C511E81F6}"
EndProject
Project("{9A19103F-16F7-4668-BE54-9A1E7A4F7556}") = "Exercice06CompteBancaire", "Exercice06CompteBancaire\Exercice06CompteBancaire.csproj", "{B6DDD3AA-033E-42A0-BE02-1950899DC1B3}"
EndProject
Project("{9A19103F-16F7-4668-BE54-9A1E7A4F7556}") = "Demo05Interfaces", "Demo05Interfaces\Demo05Interfaces.csproj", "{963BC653-5ECE-400B-A71B-B92F01EF8CF8}"
EndProject
Project("{9A19103F-16F7-4668-BE54-9A1E7A4F7556}") = "Exercice07Figure", "Exercice07Figure\Exercice07Figure.csproj", "{3180990B-366F-4B27-8344-53C5AA9A1D7B}"
EndProject
Project("{9A19103F-16F7-4668-BE54-9A1E7A4F7556}") = "Demo06CollGeneriques", "Demo06CollGeneriques\Demo06CollGeneriques.csproj", "{50574489-97D7-4F7E-9A43-35773B6B4F06}"
EndProject
Project("{9A19103F-16F7-4668-BE54-9A1E7A4F7556}") = "Exercice08Pile", "Exercice08Pile\Exercice08Pile.csproj", "{4CBFE5A7-6F7E-404F-9EBA-A9E3FADD1F3F}"
EndProject
Project("{9A19103F-16F7-4668-BE54-9A1E7A4F7556}") = "Demo07Linq", "Demo07Linq\Demo07Linq.csproj", "{EB11439B-7A6D-41E8-AFA0-7E1990192AA0}"
EndProject
Project("{9A19103F-16F7-4668-BE54-9A1E7A4F7556}") = "Demo08Delegates", "Demo08Delegates\Demo08Delegates.csproj", "{2AB84463-70B3-4A13-B72D-79F1573B435E}"
EndProject
Project("{9A19103F-16F7-4668-BE54-9A1E7A4F7556}") = "TP01GaletteRois", "TP01GaletteRois\TP01GaletteRois.csproj", "{27F79CE5-0C30-44D0-84F7-FBEC9B5ECEB9}"
EndProject
Project("{9A19103F-16F7-4668-BE54-9A1E7A4F7556}") = "TP02Hotel", "TP02Hotel\TP02Hotel.csproj", "{2BF25C6A-072A-4D5E-B28C-F7A2D3A5C62D}"
EndProject
Project("{FAE04EC0-301F-11D3-BF4B-00C04F79EFBC}") = "Demo09Exceptions", "Demo09Exceptions\Demo09Exceptions.csproj", "{ADF99944-AA36-46EB-A587-671C6794AAF0}"
EndProject
Global
	GlobalSection(SolutionConfigurationPlatforms) = preSolution
		Debug|Any CPU = Debug|Any CPU
		Release|Any CPU = Release|Any CPU
	EndGlobalSection
	GlobalSection(ProjectConfigurationPlatforms) = postSolution
		{30349E75-35DA-46CD-9157-7EBE7993CFC9}.Debug|Any CPU.ActiveCfg = Debug|Any CPU
		{30349E75-35DA-46CD-9157-7EBE7993CFC9}.Debug|Any CPU.Build.0 = Debug|Any CPU
		{30349E75-35DA-46CD-9157-7EBE7993CFC9}.Release|Any CPU.ActiveCfg = Release|Any CPU
		{30349E75-35DA-46CD-9157-7EBE7993CFC9}.Release|Any CPU.Build.0 = Release|Any CPU
		{D77FC7CB-DA7F-4C06-9743-8A6642B74AE5}.Debug|Any CPU.ActiveCfg = Debug|Any CPU
		{D77FC7CB-DA7F-4C06-9743-8A6642B74AE5}.Debug|Any CPU.Build.0 = Debug|Any CPU
		{D77FC7CB-DA7F-4C06-9743-8A6642B74AE5}.Release|Any CPU.ActiveCfg = Release|Any CPU
		{D77FC7CB-DA7F-4C06-9743-8A6642B74AE5}.Release|Any CPU.Build.0 = Release|Any CPU
		{69D4E28A-CE9E-407F-A4BE-379F4833884C}.Debug|Any CPU.ActiveCfg = Debug|Any CPU
		{69D4E28A-CE9E-407F-A4BE-379F4833884C}.Debug|Any CPU.Build.0 = Debug|Any CPU
		{69D4E28A-CE9E-407F-A4BE-379F4833884C}.Release|Any CPU.ActiveCfg = Release|Any CPU
		{69D4E28A-CE9E-407F-A4BE-379F4833884C}.Release|Any CPU.Build.0 = Release|Any CPU
		{F8E94EB2-E910-4740-8646-86FA99234182}.Debug|Any CPU.ActiveCfg = Debug|Any CPU
		{F8E94EB2-E910-4740-8646-86FA99234182}.Debug|Any CPU.Build.0 = Debug|Any CPU
		{F8E94EB2-E910-4740-8646-86FA99234182}.Release|Any CPU.ActiveCfg = Release|Any CPU
		{F8E94EB2-E910-4740-8646-86FA99234182}.Release|Any CPU.Build.0 = Release|Any CPU
		{AAC476DD-4268-4C0A-9328-165443765923}.Debug|Any CPU.ActiveCfg = Debug|Any CPU
		{AAC476DD-4268-4C0A-9328-165443765923}.Debug|Any CPU.Build.0 = Debug|Any CPU
		{AAC476DD-4268-4C0A-9328-165443765923}.Release|Any CPU.ActiveCfg = Release|Any CPU
		{AAC476DD-4268-4C0A-9328-165443765923}.Release|Any CPU.Build.0 = Release|Any CPU
		{F607183B-F601-408B-AD5E-919559000C8E}.Debug|Any CPU.ActiveCfg = Debug|Any CPU
		{F607183B-F601-408B-AD5E-919559000C8E}.Debug|Any CPU.Build.0 = Debug|Any CPU
		{F607183B-F601-408B-AD5E-919559000C8E}.Release|Any CPU.ActiveCfg = Release|Any CPU
		{F607183B-F601-408B-AD5E-919559000C8E}.Release|Any CPU.Build.0 = Release|Any CPU
		{F725B073-2728-4316-A7DE-9C6DC616C46E}.Debug|Any CPU.ActiveCfg = Debug|Any CPU
		{F725B073-2728-4316-A7DE-9C6DC616C46E}.Debug|Any CPU.Build.0 = Debug|Any CPU
		{F725B073-2728-4316-A7DE-9C6DC616C46E}.Release|Any CPU.ActiveCfg = Release|Any CPU
		{F725B073-2728-4316-A7DE-9C6DC616C46E}.Release|Any CPU.Build.0 = Release|Any CPU
		{5D059526-860D-4E5E-A3E9-2A77DC32AE2B}.Debug|Any CPU.ActiveCfg = Debug|Any CPU
		{5D059526-860D-4E5E-A3E9-2A77DC32AE2B}.Debug|Any CPU.Build.0 = Debug|Any CPU
		{5D059526-860D-4E5E-A3E9-2A77DC32AE2B}.Release|Any CPU.ActiveCfg = Release|Any CPU
		{5D059526-860D-4E5E-A3E9-2A77DC32AE2B}.Release|Any CPU.Build.0 = Release|Any CPU
		{72B1F5FA-F610-40A2-A88B-7D8C511E81F6}.Debug|Any CPU.ActiveCfg = Debug|Any CPU
		{72B1F5FA-F610-40A2-A88B-7D8C511E81F6}.Debug|Any CPU.Build.0 = Debug|Any CPU
		{72B1F5FA-F610-40A2-A88B-7D8C511E81F6}.Release|Any CPU.ActiveCfg = Release|Any CPU
		{72B1F5FA-F610-40A2-A88B-7D8C511E81F6}.Release|Any CPU.Build.0 = Release|Any CPU
		{B6DDD3AA-033E-42A0-BE02-1950899DC1B3}.Debug|Any CPU.ActiveCfg = Debug|Any CPU
		{B6DDD3AA-033E-42A0-BE02-1950899DC1B3}.Debug|Any CPU.Build.0 = Debug|Any CPU
		{B6DDD3AA-033E-42A0-BE02-1950899DC1B3}.Release|Any CPU.ActiveCfg = Release|Any CPU
		{B6DDD3AA-033E-42A0-BE02-1950899DC1B3}.Release|Any CPU.Build.0 = Release|Any CPU
		{963BC653-5ECE-400B-A71B-B92F01EF8CF8}.Debug|Any CPU.ActiveCfg = Debug|Any CPU
		{963BC653-5ECE-400B-A71B-B92F01EF8CF8}.Debug|Any CPU.Build.0 = Debug|Any CPU
		{963BC653-5ECE-400B-A71B-B92F01EF8CF8}.Release|Any CPU.ActiveCfg = Release|Any CPU
		{963BC653-5ECE-400B-A71B-B92F01EF8CF8}.Release|Any CPU.Build.0 = Release|Any CPU
		{3180990B-366F-4B27-8344-53C5AA9A1D7B}.Debug|Any CPU.ActiveCfg = Debug|Any CPU
		{3180990B-366F-4B27-8344-53C5AA9A1D7B}.Debug|Any CPU.Build.0 = Debug|Any CPU
		{3180990B-366F-4B27-8344-53C5AA9A1D7B}.Release|Any CPU.ActiveCfg = Release|Any CPU
		{3180990B-366F-4B27-8344-53C5AA9A1D7B}.Release|Any CPU.Build.0 = Release|Any CPU
		{50574489-97D7-4F7E-9A43-35773B6B4F06}.Debug|Any CPU.ActiveCfg = Debug|Any CPU
		{50574489-97D7-4F7E-9A43-35773B6B4F06}.Debug|Any CPU.Build.0 = Debug|Any CPU
		{50574489-97D7-4F7E-9A43-35773B6B4F06}.Release|Any CPU.ActiveCfg = Release|Any CPU
		{50574489-97D7-4F7E-9A43-35773B6B4F06}.Release|Any CPU.Build.0 = Release|Any CPU
		{4CBFE5A7-6F7E-404F-9EBA-A9E3FADD1F3F}.Debug|Any CPU.ActiveCfg = Debug|Any CPU
		{4CBFE5A7-6F7E-404F-9EBA-A9E3FADD1F3F}.Debug|Any CPU.Build.0 = Debug|Any CPU
		{4CBFE5A7-6F7E-404F-9EBA-A9E3FADD1F3F}.Release|Any CPU.ActiveCfg = Release|Any CPU
		{4CBFE5A7-6F7E-404F-9EBA-A9E3FADD1F3F}.Release|Any CPU.Build.0 = Release|Any CPU
		{EB11439B-7A6D-41E8-AFA0-7E1990192AA0}.Debug|Any CPU.ActiveCfg = Debug|Any CPU
		{EB11439B-7A6D-41E8-AFA0-7E1990192AA0}.Debug|Any CPU.Build.0 = Debug|Any CPU
		{EB11439B-7A6D-41E8-AFA0-7E1990192AA0}.Release|Any CPU.ActiveCfg = Release|Any CPU
		{EB11439B-7A6D-41E8-AFA0-7E1990192AA0}.Release|Any CPU.Build.0 = Release|Any CPU
		{2AB84463-70B3-4A13-B72D-79F1573B435E}.Debug|Any CPU.ActiveCfg = Debug|Any CPU
		{2AB84463-70B3-4A13-B72D-79F1573B435E}.Debug|Any CPU.Build.0 = Debug|Any CPU
		{2AB84463-70B3-4A13-B72D-79F1573B435E}.Release|Any CPU.ActiveCfg = Release|Any CPU
		{2AB84463-70B3-4A13-B72D-79F1573B435E}.Release|Any CPU.Build.0 = Release|Any CPU
		{27F79CE5-0C30-44D0-84F7-FBEC9B5ECEB9}.Debug|Any CPU.ActiveCfg = Debug|Any CPU
		{27F79CE5-0C30-44D0-84F7-FBEC9B5ECEB9}.Debug|Any CPU.Build.0 = Debug|Any CPU
		{27F79CE5-0C30-44D0-84F7-FBEC9B5ECEB9}.Release|Any CPU.ActiveCfg = Release|Any CPU
		{27F79CE5-0C30-44D0-84F7-FBEC9B5ECEB9}.Release|Any CPU.Build.0 = Release|Any CPU
		{2BF25C6A-072A-4D5E-B28C-F7A2D3A5C62D}.Debug|Any CPU.ActiveCfg = Debug|Any CPU
		{2BF25C6A-072A-4D5E-B28C-F7A2D3A5C62D}.Debug|Any CPU.Build.0 = Debug|Any CPU
		{2BF25C6A-072A-4D5E-B28C-F7A2D3A5C62D}.Release|Any CPU.ActiveCfg = Release|Any CPU
		{2BF25C6A-072A-4D5E-B28C-F7A2D3A5C62D}.Release|Any CPU.Build.0 = Release|Any CPU
		{ADF99944-AA36-46EB-A587-671C6794AAF0}.Debug|Any CPU.ActiveCfg = Debug|Any CPU
		{ADF99944-AA36-46EB-A587-671C6794AAF0}.Debug|Any CPU.Build.0 = Debug|Any CPU
		{ADF99944-AA36-46EB-A587-671C6794AAF0}.Release|Any CPU.ActiveCfg = Release|Any CPU
		{ADF99944-AA36-46EB-A587-671C6794AAF0}.Release|Any CPU.Build.0 = Release|Any CPU
	EndGlobalSection
	GlobalSection(SolutionProperties) = preSolution
		HideSolutionNode = FALSE
	EndGlobalSection
	GlobalSection(NestedProjects) = preSolution
		{30349E75-35DA-46CD-9157-7EBE7993CFC9} = {76006A72-3E49-4F84-A85B-4BB3C09480B6}
		{D77FC7CB-DA7F-4C06-9743-8A6642B74AE5} = {E1B2D022-269C-41AF-9F9E-F8BECFD5BB8C}
		{69D4E28A-CE9E-407F-A4BE-379F4833884C} = {76006A72-3E49-4F84-A85B-4BB3C09480B6}
		{F8E94EB2-E910-4740-8646-86FA99234182} = {E1B2D022-269C-41AF-9F9E-F8BECFD5BB8C}
		{AAC476DD-4268-4C0A-9328-165443765923} = {E1B2D022-269C-41AF-9F9E-F8BECFD5BB8C}
		{F607183B-F601-408B-AD5E-919559000C8E} = {E1B2D022-269C-41AF-9F9E-F8BECFD5BB8C}
		{F725B073-2728-4316-A7DE-9C6DC616C46E} = {76006A72-3E49-4F84-A85B-4BB3C09480B6}
		{5D059526-860D-4E5E-A3E9-2A77DC32AE2B} = {E1B2D022-269C-41AF-9F9E-F8BECFD5BB8C}
		{72B1F5FA-F610-40A2-A88B-7D8C511E81F6} = {76006A72-3E49-4F84-A85B-4BB3C09480B6}
		{B6DDD3AA-033E-42A0-BE02-1950899DC1B3} = {E1B2D022-269C-41AF-9F9E-F8BECFD5BB8C}
		{963BC653-5ECE-400B-A71B-B92F01EF8CF8} = {76006A72-3E49-4F84-A85B-4BB3C09480B6}
		{3180990B-366F-4B27-8344-53C5AA9A1D7B} = {E1B2D022-269C-41AF-9F9E-F8BECFD5BB8C}
		{50574489-97D7-4F7E-9A43-35773B6B4F06} = {76006A72-3E49-4F84-A85B-4BB3C09480B6}
		{4CBFE5A7-6F7E-404F-9EBA-A9E3FADD1F3F} = {E1B2D022-269C-41AF-9F9E-F8BECFD5BB8C}
		{EB11439B-7A6D-41E8-AFA0-7E1990192AA0} = {76006A72-3E49-4F84-A85B-4BB3C09480B6}
		{2AB84463-70B3-4A13-B72D-79F1573B435E} = {76006A72-3E49-4F84-A85B-4BB3C09480B6}
		{27F79CE5-0C30-44D0-84F7-FBEC9B5ECEB9} = {E1B2D022-269C-41AF-9F9E-F8BECFD5BB8C}
		{2BF25C6A-072A-4D5E-B28C-F7A2D3A5C62D} = {E1B2D022-269C-41AF-9F9E-F8BECFD5BB8C}
		{ADF99944-AA36-46EB-A587-671C6794AAF0} = {76006A72-3E49-4F84-A85B-4BB3C09480B6}
	EndGlobalSection
	GlobalSection(ExtensibilityGlobals) = postSolution
		SolutionGuid = {89C34C0A-18D3-47D9-BF3C-6E99C7E42D4F}
	EndGlobalSection
EndGlobal
