
Microsoft Visual Studio Solution File, Format Version 12.00
# Visual Studio Version 17
VisualStudioVersion = 17.8.34330.188
MinimumVisualStudioVersion = 10.0.40219.1
Project("{9A19103F-16F7-4668-BE54-9A1E7A4F7556}") = "Demo01", "Demo01\Demo01.csproj", "{FA8B2801-4C95-4145-BA11-76C59C936F10}"
EndProject
Project("{FAE04EC0-301F-11D3-BF4B-00C04F79EFBC}") = "ContactApi", "ContactApi\ContactApi.csproj", "{BC3A7C32-3B44-453E-A77F-31215DB94390}"
EndProject
Global
	GlobalSection(SolutionConfigurationPlatforms) = preSolution
		Debug|Any CPU = Debug|Any CPU
		Release|Any CPU = Release|Any CPU
	EndGlobalSection
	GlobalSection(ProjectConfigurationPlatforms) = postSolution
		{FA8B2801-4C95-4145-BA11-76C59C936F10}.Debug|Any CPU.ActiveCfg = Debug|Any CPU
		{FA8B2801-4C95-4145-BA11-76C59C936F10}.Debug|Any CPU.Build.0 = Debug|Any CPU
		{FA8B2801-4C95-4145-BA11-76C59C936F10}.Release|Any CPU.ActiveCfg = Release|Any CPU
		{FA8B2801-4C95-4145-BA11-76C59C936F10}.Release|Any CPU.Build.0 = Release|Any CPU
		{BC3A7C32-3B44-453E-A77F-31215DB94390}.Debug|Any CPU.ActiveCfg = Debug|Any CPU
		{BC3A7C32-3B44-453E-A77F-31215DB94390}.Debug|Any CPU.Build.0 = Debug|Any CPU
		{BC3A7C32-3B44-453E-A77F-31215DB94390}.Release|Any CPU.ActiveCfg = Release|Any CPU
		{BC3A7C32-3B44-453E-A77F-31215DB94390}.Release|Any CPU.Build.0 = Release|Any CPU
	EndGlobalSection
	GlobalSection(SolutionProperties) = preSolution
		HideSolutionNode = FALSE
	EndGlobalSection
	GlobalSection(ExtensibilityGlobals) = postSolution
		SolutionGuid = {1291FC97-1BB8-4306-8731-B6F98476D7F1}
	EndGlobalSection
EndGlobal
